
Microsoft Visual Studio Solution File, Format Version 12.00
# Visual Studio Version 16
VisualStudioVersion = 16.0.29306.81
MinimumVisualStudioVersion = 10.0.40219.1
Project("{FAE04EC0-301F-11D3-BF4B-00C04F79EFBC}") = "Ex01core", "Ex01core.csproj", "{4D740CA0-0663-4B97-99DE-009C72F29817}"
EndProject
Global
	GlobalSection(SolutionConfigurationPlatforms) = preSolution
		Debug|Any CPU = Debug|Any CPU
		Release|Any CPU = Release|Any CPU
	EndGlobalSection
	GlobalSection(ProjectConfigurationPlatforms) = postSolution
		{4D740CA0-0663-4B97-99DE-009C72F29817}.Debug|Any CPU.ActiveCfg = Debug|Any CPU
		{4D740CA0-0663-4B97-99DE-009C72F29817}.Debug|Any CPU.Build.0 = Debug|Any CPU
		{4D740CA0-0663-4B97-99DE-009C72F29817}.Release|Any CPU.ActiveCfg = Release|Any CPU
		{4D740CA0-0663-4B97-99DE-009C72F29817}.Release|Any CPU.Build.0 = Release|Any CPU
	EndGlobalSection
	GlobalSection(SolutionProperties) = preSolution
		HideSolutionNode = FALSE
	EndGlobalSection
	GlobalSection(ExtensibilityGlobals) = postSolution
		SolutionGuid = {21E73D5C-FC23-475B-9D64-2A4003215962}
	EndGlobalSection
EndGlobal
