
Microsoft Visual Studio Solution File, Format Version 12.00
# Visual Studio Version 16
VisualStudioVersion = 16.0.29411.108
MinimumVisualStudioVersion = 10.0.40219.1
Project("{FAE04EC0-301F-11D3-BF4B-00C04F79EFBC}") = "Ex02b", "Ex02b.csproj", "{994D9065-AE38-43E2-BAA4-830A5090B21E}"
EndProject
Global
	GlobalSection(SolutionConfigurationPlatforms) = preSolution
		Debug|Any CPU = Debug|Any CPU
		Release|Any CPU = Release|Any CPU
	EndGlobalSection
	GlobalSection(ProjectConfigurationPlatforms) = postSolution
		{994D9065-AE38-43E2-BAA4-830A5090B21E}.Debug|Any CPU.ActiveCfg = Debug|Any CPU
		{994D9065-AE38-43E2-BAA4-830A5090B21E}.Debug|Any CPU.Build.0 = Debug|Any CPU
		{994D9065-AE38-43E2-BAA4-830A5090B21E}.Release|Any CPU.ActiveCfg = Release|Any CPU
		{994D9065-AE38-43E2-BAA4-830A5090B21E}.Release|Any CPU.Build.0 = Release|Any CPU
	EndGlobalSection
	GlobalSection(SolutionProperties) = preSolution
		HideSolutionNode = FALSE
	EndGlobalSection
	GlobalSection(ExtensibilityGlobals) = postSolution
		SolutionGuid = {82792233-2D8A-4EF5-AC6F-455F3ED7BC4F}
	EndGlobalSection
EndGlobal
