
Microsoft Visual Studio Solution File, Format Version 12.00
# Visual Studio Version 16
VisualStudioVersion = 16.0.29411.108
MinimumVisualStudioVersion = 10.0.40219.1
Project("{9A19103F-16F7-4668-BE54-9A1E7A4F7556}") = "Ex08-API", "Ex08-API.csproj", "{847B37A1-8489-4933-A7AD-6B036386C2F9}"
EndProject
Project("{9A19103F-16F7-4668-BE54-9A1E7A4F7556}") = "Ex08-Models", "..\Ex08-Models\Ex08-Models.csproj", "{C43CC043-EE4E-4443-843B-7FEF1EBAD358}"
EndProject
Global
	GlobalSection(SolutionConfigurationPlatforms) = preSolution
		Debug|Any CPU = Debug|Any CPU
		Release|Any CPU = Release|Any CPU
	EndGlobalSection
	GlobalSection(ProjectConfigurationPlatforms) = postSolution
		{847B37A1-8489-4933-A7AD-6B036386C2F9}.Debug|Any CPU.ActiveCfg = Debug|Any CPU
		{847B37A1-8489-4933-A7AD-6B036386C2F9}.Debug|Any CPU.Build.0 = Debug|Any CPU
		{847B37A1-8489-4933-A7AD-6B036386C2F9}.Release|Any CPU.ActiveCfg = Release|Any CPU
		{847B37A1-8489-4933-A7AD-6B036386C2F9}.Release|Any CPU.Build.0 = Release|Any CPU
		{C43CC043-EE4E-4443-843B-7FEF1EBAD358}.Debug|Any CPU.ActiveCfg = Debug|Any CPU
		{C43CC043-EE4E-4443-843B-7FEF1EBAD358}.Debug|Any CPU.Build.0 = Debug|Any CPU
		{C43CC043-EE4E-4443-843B-7FEF1EBAD358}.Release|Any CPU.ActiveCfg = Release|Any CPU
		{C43CC043-EE4E-4443-843B-7FEF1EBAD358}.Release|Any CPU.Build.0 = Release|Any CPU
	EndGlobalSection
	GlobalSection(SolutionProperties) = preSolution
		HideSolutionNode = FALSE
	EndGlobalSection
	GlobalSection(ExtensibilityGlobals) = postSolution
		SolutionGuid = {EDDA6F87-DE61-4745-9218-8720E81184FB}
	EndGlobalSection
EndGlobal
