
Microsoft Visual Studio Solution File, Format Version 12.00
# Visual Studio Version 16
VisualStudioVersion = 16.0.29411.108
MinimumVisualStudioVersion = 10.0.40219.1
Project("{9A19103F-16F7-4668-BE54-9A1E7A4F7556}") = "ModelsExamples", "ModelsExamples.csproj", "{064F33BF-3EB6-427F-BC42-2D50D9716161}"
EndProject
Global
	GlobalSection(SolutionConfigurationPlatforms) = preSolution
		Debug|Any CPU = Debug|Any CPU
		Release|Any CPU = Release|Any CPU
	EndGlobalSection
	GlobalSection(ProjectConfigurationPlatforms) = postSolution
		{064F33BF-3EB6-427F-BC42-2D50D9716161}.Debug|Any CPU.ActiveCfg = Debug|Any CPU
		{064F33BF-3EB6-427F-BC42-2D50D9716161}.Debug|Any CPU.Build.0 = Debug|Any CPU
		{064F33BF-3EB6-427F-BC42-2D50D9716161}.Release|Any CPU.ActiveCfg = Release|Any CPU
		{064F33BF-3EB6-427F-BC42-2D50D9716161}.Release|Any CPU.Build.0 = Release|Any CPU
	EndGlobalSection
	GlobalSection(SolutionProperties) = preSolution
		HideSolutionNode = FALSE
	EndGlobalSection
	GlobalSection(ExtensibilityGlobals) = postSolution
		SolutionGuid = {D25794F4-C5A9-430C-99C5-4A4E56772FCC}
	EndGlobalSection
EndGlobal
