
Microsoft Visual Studio Solution File, Format Version 12.00
# Visual Studio Version 16
VisualStudioVersion = 16.0.29411.108
MinimumVisualStudioVersion = 10.0.40219.1
Project("{FAE04EC0-301F-11D3-BF4B-00C04F79EFBC}") = "Ex08-Blazor-JSInterop", "Ex08-Blazor-JSInterop.csproj", "{46B5B4BF-42FE-4B09-9148-6791F27AF840}"
EndProject
Project("{FAE04EC0-301F-11D3-BF4B-00C04F79EFBC}") = "Ex08-Models", "..\Ex08-Models\Ex08-Models.csproj", "{DF04D086-3B6F-441F-BBB2-AB47AC87BA8A}"
EndProject
Global
	GlobalSection(SolutionConfigurationPlatforms) = preSolution
		Debug|Any CPU = Debug|Any CPU
		Release|Any CPU = Release|Any CPU
	EndGlobalSection
	GlobalSection(ProjectConfigurationPlatforms) = postSolution
		{46B5B4BF-42FE-4B09-9148-6791F27AF840}.Debug|Any CPU.ActiveCfg = Debug|Any CPU
		{46B5B4BF-42FE-4B09-9148-6791F27AF840}.Debug|Any CPU.Build.0 = Debug|Any CPU
		{46B5B4BF-42FE-4B09-9148-6791F27AF840}.Release|Any CPU.ActiveCfg = Release|Any CPU
		{46B5B4BF-42FE-4B09-9148-6791F27AF840}.Release|Any CPU.Build.0 = Release|Any CPU
		{DF04D086-3B6F-441F-BBB2-AB47AC87BA8A}.Debug|Any CPU.ActiveCfg = Debug|Any CPU
		{DF04D086-3B6F-441F-BBB2-AB47AC87BA8A}.Debug|Any CPU.Build.0 = Debug|Any CPU
		{DF04D086-3B6F-441F-BBB2-AB47AC87BA8A}.Release|Any CPU.ActiveCfg = Release|Any CPU
		{DF04D086-3B6F-441F-BBB2-AB47AC87BA8A}.Release|Any CPU.Build.0 = Release|Any CPU
	EndGlobalSection
	GlobalSection(SolutionProperties) = preSolution
		HideSolutionNode = FALSE
	EndGlobalSection
	GlobalSection(ExtensibilityGlobals) = postSolution
		SolutionGuid = {DD6583F5-C7EA-4B66-AA06-A36FB1F0DEBF}
	EndGlobalSection
EndGlobal
